
Microsoft Visual Studio Solution File, Format Version 12.00
# Visual Studio Version 16
VisualStudioVersion = 16.0.32407.337
MinimumVisualStudioVersion = 10.0.40219.1
Project("{FAE04EC0-301F-11D3-BF4B-00C04F79EFBC}") = "SampleNetworkSource", "SampleNetworkSource\SampleNetworkSource.csproj", "{C897BFCD-49DF-431F-9AB8-C5B5EB7B6214}"
EndProject
Project("{FAE04EC0-301F-11D3-BF4B-00C04F79EFBC}") = "SampleBinarySource", "SampleBinarySource\SampleBinarySource.csproj", "{68B8E469-F545-4535-BE37-66FE2E3E5B91}"
EndProject
Global
	GlobalSection(SolutionConfigurationPlatforms) = preSolution
		Debug|Any CPU = Debug|Any CPU
		Release|Any CPU = Release|Any CPU
	EndGlobalSection
	GlobalSection(ProjectConfigurationPlatforms) = postSolution
		{C897BFCD-49DF-431F-9AB8-C5B5EB7B6214}.Debug|Any CPU.ActiveCfg = Debug|Any CPU
		{C897BFCD-49DF-431F-9AB8-C5B5EB7B6214}.Debug|Any CPU.Build.0 = Debug|Any CPU
		{C897BFCD-49DF-431F-9AB8-C5B5EB7B6214}.Release|Any CPU.ActiveCfg = Release|Any CPU
		{C897BFCD-49DF-431F-9AB8-C5B5EB7B6214}.Release|Any CPU.Build.0 = Release|Any CPU
		{68B8E469-F545-4535-BE37-66FE2E3E5B91}.Debug|Any CPU.ActiveCfg = Debug|Any CPU
		{68B8E469-F545-4535-BE37-66FE2E3E5B91}.Debug|Any CPU.Build.0 = Debug|Any CPU
		{68B8E469-F545-4535-BE37-66FE2E3E5B91}.Release|Any CPU.ActiveCfg = Release|Any CPU
		{68B8E469-F545-4535-BE37-66FE2E3E5B91}.Release|Any CPU.Build.0 = Release|Any CPU
	EndGlobalSection
	GlobalSection(SolutionProperties) = preSolution
		HideSolutionNode = FALSE
	EndGlobalSection
	GlobalSection(ExtensibilityGlobals) = postSolution
		SolutionGuid = {A93DC101-9C8A-4AAD-8B6F-E58594C2DEC9}
	EndGlobalSection
EndGlobal
