
Microsoft Visual Studio Solution File, Format Version 12.00
# Visual Studio Version 16
VisualStudioVersion = 16.0.32901.82
MinimumVisualStudioVersion = 10.0.40219.1
Project("{8BC9CEB8-8B4A-11D0-8D11-00A0C91BC942}") = "MAPPSNativeIO", "MAPPSNativeIO\MAPPSNativeIO.vcxproj", "{E277C51E-7921-4C51-9777-086D2FDE823B}"
EndProject
Global
	GlobalSection(SolutionConfigurationPlatforms) = preSolution
		Debug|x64 = Debug|x64
		Debug|x86 = Debug|x86
		Release|x64 = Release|x64
		Release|x86 = Release|x86
	EndGlobalSection
	GlobalSection(ProjectConfigurationPlatforms) = postSolution
		{E277C51E-7921-4C51-9777-086D2FDE823B}.Debug|x64.ActiveCfg = Debug|x64
		{E277C51E-7921-4C51-9777-086D2FDE823B}.Debug|x64.Build.0 = Debug|x64
		{E277C51E-7921-4C51-9777-086D2FDE823B}.Debug|x86.ActiveCfg = Debug|Win32
		{E277C51E-7921-4C51-9777-086D2FDE823B}.Debug|x86.Build.0 = Debug|Win32
		{E277C51E-7921-4C51-9777-086D2FDE823B}.Release|x64.ActiveCfg = Release|x64
		{E277C51E-7921-4C51-9777-086D2FDE823B}.Release|x64.Build.0 = Release|x64
		{E277C51E-7921-4C51-9777-086D2FDE823B}.Release|x86.ActiveCfg = Release|Win32
		{E277C51E-7921-4C51-9777-086D2FDE823B}.Release|x86.Build.0 = Release|Win32
	EndGlobalSection
	GlobalSection(SolutionProperties) = preSolution
		HideSolutionNode = FALSE
	EndGlobalSection
	GlobalSection(ExtensibilityGlobals) = postSolution
		SolutionGuid = {798EF69D-1297-4F61-81E6-4A39BFFFA5D2}
	EndGlobalSection
EndGlobal
